// !$*UTF8*$!
{
	archiveVersion = 1;
	classes = {
	};
	objectVersion = 50;
	objects = {

/* Begin PBXBuildFile section */
		E92490DE244227E900A00458 /* AppDelegate.swift in Sources */ = {isa = PBXBuildFile; fileRef = E92490DD244227E900A00458 /* AppDelegate.swift */; };
		E92490E0244227E900A00458 /* SceneDelegate.swift in Sources */ = {isa = PBXBuildFile; fileRef = E92490DF244227E900A00458 /* SceneDelegate.swift */; };
		E92490E2244227E900A00458 /* RecognizeNumberViewController.swift in Sources */ = {isa = PBXBuildFile; fileRef = E92490E1244227E900A00458 /* RecognizeNumberViewController.swift */; };
		E92490E5244227E900A00458 /* Main.storyboard in Resources */ = {isa = PBXBuildFile; fileRef = E92490E3244227E900A00458 /* Main.storyboard */; };
		E92490E7244227E900A00458 /* Assets.xcassets in Resources */ = {isa = PBXBuildFile; fileRef = E92490E6244227E900A00458 /* Assets.xcassets */; };
		E92490EA244227E900A00458 /* LaunchScreen.storyboard in Resources */ = {isa = PBXBuildFile; fileRef = E92490E8244227E900A00458 /* LaunchScreen.storyboard */; };
		E92490F22442284D00A00458 /* CanvasView.swift in Sources */ = {isa = PBXBuildFile; fileRef = E92490F12442284D00A00458 /* CanvasView.swift */; };
		E92490F4244228BF00A00458 /* MNIST.mlmodel in Sources */ = {isa = PBXBuildFile; fileRef = E92490F3244228BF00A00458 /* MNIST.mlmodel */; };
		E92490F624422BF700A00458 /* ClassExtesnions .swift in Sources */ = {isa = PBXBuildFile; fileRef = E92490F524422BF700A00458 /* ClassExtesnions .swift */; };
		E92490F8244249C300A00458 /* ConfidanceViewController.swift in Sources */ = {isa = PBXBuildFile; fileRef = E92490F7244249C300A00458 /* ConfidanceViewController.swift */; };
		E932E482244440A3004F6682 /* SymbolPrediction.swift in Sources */ = {isa = PBXBuildFile; fileRef = E932E481244440A3004F6682 /* SymbolPrediction.swift */; };
		E932E48424444331004F6682 /* HandwrittenNumberImagesPredictionController.swift in Sources */ = {isa = PBXBuildFile; fileRef = E932E48324444331004F6682 /* HandwrittenNumberImagesPredictionController.swift */; };
		E972EF9824454378006CCFF8 /* PhotoCaptureViewController.swift in Sources */ = {isa = PBXBuildFile; fileRef = E972EF9724454378006CCFF8 /* PhotoCaptureViewController.swift */; };
		E972EF9C2445B77B006CCFF8 /* Enumerations.swift in Sources */ = {isa = PBXBuildFile; fileRef = E972EF9B2445B77B006CCFF8 /* Enumerations.swift */; };
		E972EFAA244BBADB006CCFF8 /* WrittenNumbers 1.mlmodel in Sources */ = {isa = PBXBuildFile; fileRef = E972EFA9244BBADB006CCFF8 /* WrittenNumbers 1.mlmodel */; };
		E972EFAE244BD89B006CCFF8 /* ScreenWrittenNumberPredictController.swift in Sources */ = {isa = PBXBuildFile; fileRef = E972EFAD244BD89B006CCFF8 /* ScreenWrittenNumberPredictController.swift */; };
		E972EFB0244BF680006CCFF8 /* WrittenNumbers 2.mlmodel in Sources */ = {isa = PBXBuildFile; fileRef = E972EFAF244BF680006CCFF8 /* WrittenNumbers 2.mlmodel */; };
/* End PBXBuildFile section */

/* Begin PBXFileReference section */
		E92490DA244227E900A00458 /* WrittenNumbersCoreML.app */ = {isa = PBXFileReference; explicitFileType = wrapper.application; includeInIndex = 0; path = WrittenNumbersCoreML.app; sourceTree = BUILT_PRODUCTS_DIR; };
		E92490DD244227E900A00458 /* AppDelegate.swift */ = {isa = PBXFileReference; lastKnownFileType = sourcecode.swift; path = AppDelegate.swift; sourceTree = "<group>"; };
		E92490DF244227E900A00458 /* SceneDelegate.swift */ = {isa = PBXFileReference; lastKnownFileType = sourcecode.swift; path = SceneDelegate.swift; sourceTree = "<group>"; };
		E92490E1244227E900A00458 /* RecognizeNumberViewController.swift */ = {isa = PBXFileReference; lastKnownFileType = sourcecode.swift; path = RecognizeNumberViewController.swift; sourceTree = "<group>"; };
		E92490E4244227E900A00458 /* Base */ = {isa = PBXFileReference; lastKnownFileType = file.storyboard; name = Base; path = Base.lproj/Main.storyboard; sourceTree = "<group>"; };
		E92490E6244227E900A00458 /* Assets.xcassets */ = {isa = PBXFileReference; lastKnownFileType = folder.assetcatalog; path = Assets.xcassets; sourceTree = "<group>"; };
		E92490E9244227E900A00458 /* Base */ = {isa = PBXFileReference; lastKnownFileType = file.storyboard; name = Base; path = Base.lproj/LaunchScreen.storyboard; sourceTree = "<group>"; };
		E92490EB244227E900A00458 /* Info.plist */ = {isa = PBXFileReference; lastKnownFileType = text.plist.xml; path = Info.plist; sourceTree = "<group>"; };
		E92490F12442284D00A00458 /* CanvasView.swift */ = {isa = PBXFileReference; lastKnownFileType = sourcecode.swift; path = CanvasView.swift; sourceTree = "<group>"; };
		E92490F3244228BF00A00458 /* MNIST.mlmodel */ = {isa = PBXFileReference; lastKnownFileType = file.mlmodel; name = MNIST.mlmodel; path = "../../CoreML Models/MNIST.mlmodel"; sourceTree = "<group>"; };
		E92490F524422BF700A00458 /* ClassExtesnions .swift */ = {isa = PBXFileReference; lastKnownFileType = sourcecode.swift; path = "ClassExtesnions .swift"; sourceTree = "<group>"; };
		E92490F7244249C300A00458 /* ConfidanceViewController.swift */ = {isa = PBXFileReference; lastKnownFileType = sourcecode.swift; path = ConfidanceViewController.swift; sourceTree = "<group>"; };
		E92490FC24424C9A00A00458 /* MNIST.mlmodel */ = {isa = PBXFileReference; lastKnownFileType = file.mlmodel; path = MNIST.mlmodel; sourceTree = "<group>"; };
		E932E481244440A3004F6682 /* SymbolPrediction.swift */ = {isa = PBXFileReference; lastKnownFileType = sourcecode.swift; path = SymbolPrediction.swift; sourceTree = "<group>"; };
		E932E48324444331004F6682 /* HandwrittenNumberImagesPredictionController.swift */ = {isa = PBXFileReference; lastKnownFileType = sourcecode.swift; path = HandwrittenNumberImagesPredictionController.swift; sourceTree = "<group>"; };
		E972EF9724454378006CCFF8 /* PhotoCaptureViewController.swift */ = {isa = PBXFileReference; lastKnownFileType = sourcecode.swift; path = PhotoCaptureViewController.swift; sourceTree = "<group>"; };
		E972EF9B2445B77B006CCFF8 /* Enumerations.swift */ = {isa = PBXFileReference; lastKnownFileType = sourcecode.swift; path = Enumerations.swift; sourceTree = "<group>"; };
		E972EFA9244BBADB006CCFF8 /* WrittenNumbers 1.mlmodel */ = {isa = PBXFileReference; lastKnownFileType = file.mlmodel; name = "WrittenNumbers 1.mlmodel"; path = "../../../../MachineLearning/WrittenNumbers 1.mlmodel"; sourceTree = "<group>"; };
		E972EFAD244BD89B006CCFF8 /* ScreenWrittenNumberPredictController.swift */ = {isa = PBXFileReference; lastKnownFileType = sourcecode.swift; path = ScreenWrittenNumberPredictController.swift; sourceTree = "<group>"; };
		E972EFAF244BF680006CCFF8 /* WrittenNumbers 2.mlmodel */ = {isa = PBXFileReference; lastKnownFileType = file.mlmodel; name = "WrittenNumbers 2.mlmodel"; path = "../../../../MachineLearning/WrittenNumbers 2.mlmodel"; sourceTree = "<group>"; };
/* End PBXFileReference section */

/* Begin PBXFrameworksBuildPhase section */
		E92490D7244227E900A00458 /* Frameworks */ = {
			isa = PBXFrameworksBuildPhase;
			buildActionMask = 2147483647;
			files = (
			);
			runOnlyForDeploymentPostprocessing = 0;
		};
/* End PBXFrameworksBuildPhase section */

/* Begin PBXGroup section */
		E92490D1244227E900A00458 = {
			isa = PBXGroup;
			children = (
				E92490DC244227E900A00458 /* WrittenNumbersCoreML */,
				E92490DB244227E900A00458 /* Products */,
			);
			sourceTree = "<group>";
		};
		E92490DB244227E900A00458 /* Products */ = {
			isa = PBXGroup;
			children = (
				E92490DA244227E900A00458 /* WrittenNumbersCoreML.app */,
			);
			name = Products;
			sourceTree = "<group>";
		};
		E92490DC244227E900A00458 /* WrittenNumbersCoreML */ = {
			isa = PBXGroup;
			children = (
				E972EF992445B695006CCFF8 /* Extensions&Enums */,
				E92490DD244227E900A00458 /* AppDelegate.swift */,
				E92490DF244227E900A00458 /* SceneDelegate.swift */,
				E92490E3244227E900A00458 /* Main.storyboard */,
				E92490E8244227E900A00458 /* LaunchScreen.storyboard */,
				E932E48524453F8F004F6682 /* ViewControllers */,
				E92490F12442284D00A00458 /* CanvasView.swift */,
				E92490F524422BF700A00458 /* ClassExtesnions .swift */,
				E92490FC24424C9A00A00458 /* MNIST.mlmodel */,
				E92490F924424C3200A00458 /* Controllers */,
				E92490FB24424C6500A00458 /* Models */,
				E92490FA24424C5000A00458 /* Views */,
				E92490F3244228BF00A00458 /* MNIST.mlmodel */,
				E92490E6244227E900A00458 /* Assets.xcassets */,
				E92490EB244227E900A00458 /* Info.plist */,
			);
			path = WrittenNumbersCoreML;
			sourceTree = "<group>";
		};
		E92490F924424C3200A00458 /* Controllers */ = {
			isa = PBXGroup;
			children = (
				E972EFAD244BD89B006CCFF8 /* ScreenWrittenNumberPredictController.swift */,
				E932E48324444331004F6682 /* HandwrittenNumberImagesPredictionController.swift */,
			);
			path = Controllers;
			sourceTree = "<group>";
		};
		E92490FA24424C5000A00458 /* Views */ = {
			isa = PBXGroup;
			children = (
			);
			path = Views;
			sourceTree = "<group>";
		};
		E92490FB24424C6500A00458 /* Models */ = {
			isa = PBXGroup;
			children = (
				E972EFA9244BBADB006CCFF8 /* WrittenNumbers 1.mlmodel */,
				E932E481244440A3004F6682 /* SymbolPrediction.swift */,
				E972EFAF244BF680006CCFF8 /* WrittenNumbers 2.mlmodel */,
			);
			path = Models;
			sourceTree = "<group>";
		};
		E932E48524453F8F004F6682 /* ViewControllers */ = {
			isa = PBXGroup;
			children = (
				E92490E1244227E900A00458 /* RecognizeNumberViewController.swift */,
				E972EF9724454378006CCFF8 /* PhotoCaptureViewController.swift */,
				E92490F7244249C300A00458 /* ConfidanceViewController.swift */,
			);
			path = ViewControllers;
			sourceTree = "<group>";
		};
		E972EF992445B695006CCFF8 /* Extensions&Enums */ = {
			isa = PBXGroup;
			children = (
				E972EF9B2445B77B006CCFF8 /* Enumerations.swift */,
			);
			path = "Extensions&Enums";
			sourceTree = "<group>";
		};
/* End PBXGroup section */

/* Begin PBXNativeTarget section */
		E92490D9244227E900A00458 /* WrittenNumbersCoreML */ = {
			isa = PBXNativeTarget;
			buildConfigurationList = E92490EE244227E900A00458 /* Build configuration list for PBXNativeTarget "WrittenNumbersCoreML" */;
			buildPhases = (
				E92490D6244227E900A00458 /* Sources */,
				E92490D7244227E900A00458 /* Frameworks */,
				E92490D8244227E900A00458 /* Resources */,
			);
			buildRules = (
			);
			dependencies = (
			);
			name = WrittenNumbersCoreML;
			productName = WrittenNumbersCoreML;
			productReference = E92490DA244227E900A00458 /* WrittenNumbersCoreML.app */;
			productType = "com.apple.product-type.application";
		};
/* End PBXNativeTarget section */

/* Begin PBXProject section */
		E92490D2244227E900A00458 /* Project object */ = {
			isa = PBXProject;
			attributes = {
				LastSwiftUpdateCheck = 1110;
				LastUpgradeCheck = 1110;
				ORGANIZATIONNAME = "Wylan L Neely";
				TargetAttributes = {
					E92490D9244227E900A00458 = {
						CreatedOnToolsVersion = 11.1;
					};
				};
			};
			buildConfigurationList = E92490D5244227E900A00458 /* Build configuration list for PBXProject "WrittenNumbersCoreML" */;
			compatibilityVersion = "Xcode 9.3";
			developmentRegion = en;
			hasScannedForEncodings = 0;
			knownRegions = (
				en,
				Base,
			);
			mainGroup = E92490D1244227E900A00458;
			productRefGroup = E92490DB244227E900A00458 /* Products */;
			projectDirPath = "";
			projectRoot = "";
			targets = (
				E92490D9244227E900A00458 /* WrittenNumbersCoreML */,
			);
		};
/* End PBXProject section */

/* Begin PBXResourcesBuildPhase section */
		E92490D8244227E900A00458 /* Resources */ = {
			isa = PBXResourcesBuildPhase;
			buildActionMask = 2147483647;
			files = (
				E92490EA244227E900A00458 /* LaunchScreen.storyboard in Resources */,
				E92490E7244227E900A00458 /* Assets.xcassets in Resources */,
				E92490E5244227E900A00458 /* Main.storyboard in Resources */,
			);
			runOnlyForDeploymentPostprocessing = 0;
		};
/* End PBXResourcesBuildPhase section */

/* Begin PBXSourcesBuildPhase section */
		E92490D6244227E900A00458 /* Sources */ = {
			isa = PBXSourcesBuildPhase;
			buildActionMask = 2147483647;
			files = (
				E92490F8244249C300A00458 /* ConfidanceViewController.swift in Sources */,
				E972EFB0244BF680006CCFF8 /* WrittenNumbers 2.mlmodel in Sources */,
				E92490E2244227E900A00458 /* RecognizeNumberViewController.swift in Sources */,
				E932E482244440A3004F6682 /* SymbolPrediction.swift in Sources */,
				E92490DE244227E900A00458 /* AppDelegate.swift in Sources */,
				E972EFAE244BD89B006CCFF8 /* ScreenWrittenNumberPredictController.swift in Sources */,
				E92490F22442284D00A00458 /* CanvasView.swift in Sources */,
				E92490F624422BF700A00458 /* ClassExtesnions .swift in Sources */,
				E972EFAA244BBADB006CCFF8 /* WrittenNumbers 1.mlmodel in Sources */,
				E972EF9824454378006CCFF8 /* PhotoCaptureViewController.swift in Sources */,
				E92490F4244228BF00A00458 /* MNIST.mlmodel in Sources */,
				E932E48424444331004F6682 /* HandwrittenNumberImagesPredictionController.swift in Sources */,
				E92490E0244227E900A00458 /* SceneDelegate.swift in Sources */,
				E972EF9C2445B77B006CCFF8 /* Enumerations.swift in Sources */,
			);
			runOnlyForDeploymentPostprocessing = 0;
		};
/* End PBXSourcesBuildPhase section */

/* Begin PBXVariantGroup section */
		E92490E3244227E900A00458 /* Main.storyboard */ = {
			isa = PBXVariantGroup;
			children = (
				E92490E4244227E900A00458 /* Base */,
			);
			name = Main.storyboard;
			sourceTree = "<group>";
		};
		E92490E8244227E900A00458 /* LaunchScreen.storyboard */ = {
			isa = PBXVariantGroup;
			children = (
				E92490E9244227E900A00458 /* Base */,
			);
			name = LaunchScreen.storyboard;
			sourceTree = "<group>";
		};
/* End PBXVariantGroup section */

/* Begin XCBuildConfiguration section */
		E92490EC244227E900A00458 /* Debug */ = {
			isa = XCBuildConfiguration;
			buildSettings = {
				ALWAYS_SEARCH_USER_PATHS = NO;
				CLANG_ANALYZER_NONNULL = YES;
				CLANG_ANALYZER_NUMBER_OBJECT_CONVERSION = YES_AGGRESSIVE;
				CLANG_CXX_LANGUAGE_STANDARD = "gnu++14";
				CLANG_CXX_LIBRARY = "libc++";
				CLANG_ENABLE_MODULES = YES;
				CLANG_ENABLE_OBJC_ARC = YES;
				CLANG_ENABLE_OBJC_WEAK = YES;
				CLANG_WARN_BLOCK_CAPTURE_AUTORELEASING = YES;
				CLANG_WARN_BOOL_CONVERSION = YES;
				CLANG_WARN_COMMA = YES;
				CLANG_WARN_CONSTANT_CONVERSION = YES;
				CLANG_WARN_DEPRECATED_OBJC_IMPLEMENTATIONS = YES;
				CLANG_WARN_DIRECT_OBJC_ISA_USAGE = YES_ERROR;
				CLANG_WARN_DOCUMENTATION_COMMENTS = YES;
				CLANG_WARN_EMPTY_BODY = YES;
				CLANG_WARN_ENUM_CONVERSION = YES;
				CLANG_WARN_INFINITE_RECURSION = YES;
				CLANG_WARN_INT_CONVERSION = YES;
				CLANG_WARN_NON_LITERAL_NULL_CONVERSION = YES;
				CLANG_WARN_OBJC_IMPLICIT_RETAIN_SELF = YES;
				CLANG_WARN_OBJC_LITERAL_CONVERSION = YES;
				CLANG_WARN_OBJC_ROOT_CLASS = YES_ERROR;
				CLANG_WARN_RANGE_LOOP_ANALYSIS = YES;
				CLANG_WARN_STRICT_PROTOTYPES = YES;
				CLANG_WARN_SUSPICIOUS_MOVE = YES;
				CLANG_WARN_UNGUARDED_AVAILABILITY = YES_AGGRESSIVE;
				CLANG_WARN_UNREACHABLE_CODE = YES;
				CLANG_WARN__DUPLICATE_METHOD_MATCH = YES;
				COPY_PHASE_STRIP = NO;
				DEBUG_INFORMATION_FORMAT = dwarf;
				ENABLE_STRICT_OBJC_MSGSEND = YES;
				ENABLE_TESTABILITY = YES;
				GCC_C_LANGUAGE_STANDARD = gnu11;
				GCC_DYNAMIC_NO_PIC = NO;
				GCC_NO_COMMON_BLOCKS = YES;
				GCC_OPTIMIZATION_LEVEL = 0;
				GCC_PREPROCESSOR_DEFINITIONS = (
					"DEBUG=1",
					"$(inherited)",
				);
				GCC_WARN_64_TO_32_BIT_CONVERSION = YES;
				GCC_WARN_ABOUT_RETURN_TYPE = YES_ERROR;
				GCC_WARN_UNDECLARED_SELECTOR = YES;
				GCC_WARN_UNINITIALIZED_AUTOS = YES_AGGRESSIVE;
				GCC_WARN_UNUSED_FUNCTION = YES;
				GCC_WARN_UNUSED_VARIABLE = YES;
				IPHONEOS_DEPLOYMENT_TARGET = 13.1;
				MTL_ENABLE_DEBUG_INFO = INCLUDE_SOURCE;
				MTL_FAST_MATH = YES;
				ONLY_ACTIVE_ARCH = YES;
				SDKROOT = iphoneos;
				SWIFT_ACTIVE_COMPILATION_CONDITIONS = DEBUG;
				SWIFT_OPTIMIZATION_LEVEL = "-Onone";
			};
			name = Debug;
		};
		E92490ED244227E900A00458 /* Release */ = {
			isa = XCBuildConfiguration;
			buildSettings = {
				ALWAYS_SEARCH_USER_PATHS = NO;
				CLANG_ANALYZER_NONNULL = YES;
				CLANG_ANALYZER_NUMBER_OBJECT_CONVERSION = YES_AGGRESSIVE;
				CLANG_CXX_LANGUAGE_STANDARD = "gnu++14";
				CLANG_CXX_LIBRARY = "libc++";
				CLANG_ENABLE_MODULES = YES;
				CLANG_ENABLE_OBJC_ARC = YES;
				CLANG_ENABLE_OBJC_WEAK = YES;
				CLANG_WARN_BLOCK_CAPTURE_AUTORELEASING = YES;
				CLANG_WARN_BOOL_CONVERSION = YES;
				CLANG_WARN_COMMA = YES;
				CLANG_WARN_CONSTANT_CONVERSION = YES;
				CLANG_WARN_DEPRECATED_OBJC_IMPLEMENTATIONS = YES;
				CLANG_WARN_DIRECT_OBJC_ISA_USAGE = YES_ERROR;
				CLANG_WARN_DOCUMENTATION_COMMENTS = YES;
				CLANG_WARN_EMPTY_BODY = YES;
				CLANG_WARN_ENUM_CONVERSION = YES;
				CLANG_WARN_INFINITE_RECURSION = YES;
				CLANG_WARN_INT_CONVERSION = YES;
				CLANG_WARN_NON_LITERAL_NULL_CONVERSION = YES;
				CLANG_WARN_OBJC_IMPLICIT_RETAIN_SELF = YES;
				CLANG_WARN_OBJC_LITERAL_CONVERSION = YES;
				CLANG_WARN_OBJC_ROOT_CLASS = YES_ERROR;
				CLANG_WARN_RANGE_LOOP_ANALYSIS = YES;
				CLANG_WARN_STRICT_PROTOTYPES = YES;
				CLANG_WARN_SUSPICIOUS_MOVE = YES;
				CLANG_WARN_UNGUARDED_AVAILABILITY = YES_AGGRESSIVE;
				CLANG_WARN_UNREACHABLE_CODE = YES;
				CLANG_WARN__DUPLICATE_METHOD_MATCH = YES;
				COPY_PHASE_STRIP = NO;
				DEBUG_INFORMATION_FORMAT = "dwarf-with-dsym";
				ENABLE_NS_ASSERTIONS = NO;
				ENABLE_STRICT_OBJC_MSGSEND = YES;
				GCC_C_LANGUAGE_STANDARD = gnu11;
				GCC_NO_COMMON_BLOCKS = YES;
				GCC_WARN_64_TO_32_BIT_CONVERSION = YES;
				GCC_WARN_ABOUT_RETURN_TYPE = YES_ERROR;
				GCC_WARN_UNDECLARED_SELECTOR = YES;
				GCC_WARN_UNINITIALIZED_AUTOS = YES_AGGRESSIVE;
				GCC_WARN_UNUSED_FUNCTION = YES;
				GCC_WARN_UNUSED_VARIABLE = YES;
				IPHONEOS_DEPLOYMENT_TARGET = 13.1;
				MTL_ENABLE_DEBUG_INFO = NO;
				MTL_FAST_MATH = YES;
				SDKROOT = iphoneos;
				SWIFT_COMPILATION_MODE = wholemodule;
				SWIFT_OPTIMIZATION_LEVEL = "-O";
				VALIDATE_PRODUCT = YES;
			};
			name = Release;
		};
		E92490EF244227E900A00458 /* Debug */ = {
			isa = XCBuildConfiguration;
			buildSettings = {
				ASSETCATALOG_COMPILER_APPICON_NAME = AppIcon;
				CODE_SIGN_IDENTITY = "Apple Development";
				CODE_SIGN_STYLE = Automatic;
				DEVELOPMENT_TEAM = 6PHWN55R5A;
				INFOPLIST_FILE = WrittenNumbersCoreML/Info.plist;
				LD_RUNPATH_SEARCH_PATHS = (
					"$(inherited)",
					"@executable_path/Frameworks",
				);
				PRODUCT_BUNDLE_IDENTIFIER = wylan.me.WrittenNumbersCoreML;
				PRODUCT_NAME = "$(TARGET_NAME)";
				PROVISIONING_PROFILE_SPECIFIER = "";
				SWIFT_VERSION = 5.0;
				TARGETED_DEVICE_FAMILY = "1,2";
			};
			name = Debug;
		};
		E92490F0244227E900A00458 /* Release */ = {
			isa = XCBuildConfiguration;
			buildSettings = {
				ASSETCATALOG_COMPILER_APPICON_NAME = AppIcon;
				CODE_SIGN_IDENTITY = "Apple Development";
				CODE_SIGN_STYLE = Automatic;
				DEVELOPMENT_TEAM = 6PHWN55R5A;
				INFOPLIST_FILE = WrittenNumbersCoreML/Info.plist;
				LD_RUNPATH_SEARCH_PATHS = (
					"$(inherited)",
					"@executable_path/Frameworks",
				);
				PRODUCT_BUNDLE_IDENTIFIER = wylan.me.WrittenNumbersCoreML;
				PRODUCT_NAME = "$(TARGET_NAME)";
				PROVISIONING_PROFILE_SPECIFIER = "";
				SWIFT_VERSION = 5.0;
				TARGETED_DEVICE_FAMILY = "1,2";
			};
			name = Release;
		};
/* End XCBuildConfiguration section */

/* Begin XCConfigurationList section */
		E92490D5244227E900A00458 /* Build configuration list for PBXProject "WrittenNumbersCoreML" */ = {
			isa = XCConfigurationList;
			buildConfigurations = (
				E92490EC244227E900A00458 /* Debug */,
				E92490ED244227E900A00458 /* Release */,
			);
			defaultConfigurationIsVisible = 0;
			defaultConfigurationName = Release;
		};
		E92490EE244227E900A00458 /* Build configuration list for PBXNativeTarget "WrittenNumbersCoreML" */ = {
			isa = XCConfigurationList;
			buildConfigurations = (
				E92490EF244227E900A00458 /* Debug */,
				E92490F0244227E900A00458 /* Release */,
			);
			defaultConfigurationIsVisible = 0;
			defaultConfigurationName = Release;
		};
/* End XCConfigurationList section */
	};
	rootObject = E92490D2244227E900A00458 /* Project object */;
}
